lockfileVersion: '6.0'

settings:
  autoInstallPeers: true
  excludeLinksFromLockfile: false

dependencies:
  dotenv:
    specifier: ^16.4.5
    version: 16.6.1
  google-translate-api-x:
    specifier: ^10.7.2
    version: 10.7.2

packages:

  /dotenv@16.6.1:
    resolution: {integrity: sha512-uBq4egWHTcTt33a72vpSG0z3HnPuIl6NqYcTrKEg2azoEyl2hpW0zqlxysq2pK9HlDIHyHyakeYaYnSAwd8bow==}
    engines: {node: '>=12'}
    dev: false

  /google-translate-api-x@10.7.2:
    resolution: {integrity: sha512-GSmbvGMcnULaih2NFgD4Y6840DLAMot90mLWgwoB+FG/QpetyZkFrZkxop8ZxXgOAQXGskFOhGJady8nA6ZJ2g==}
    engines: {node: '>=14.0.0'}
    dev: false
